// !$*UTF8*$!
{
	archiveVersion = 1;
	classes = {
	};
	objectVersion = 46;
	objects = {

/* Begin PBXBuildFile section */
		5EB710C44AC9E0E8DB806097 /* libPods.a in Frameworks */ = {isa = PBXBuildFile; fileRef = DB2D49899B2CFB5430ADDC56 /* libPods.a */; };
		B3011A8C1A7D7E630055712D /* main.m in Sources */ = {isa = PBXBuildFile; fileRef = B3011A8B1A7D7E630055712D /* main.m */; };
		B3011A8F1A7D7E630055712D /* AppDelegate.m in Sources */ = {isa = PBXBuildFile; fileRef = B3011A8E1A7D7E630055712D /* AppDelegate.m */; };
		B3011A921A7D7E630055712D /* ViewController.m in Sources */ = {isa = PBXBuildFile; fileRef = B3011A911A7D7E630055712D /* ViewController.m */; };
		B3011A951A7D7E630055712D /* Main.storyboard in Resources */ = {isa = PBXBuildFile; fileRef = B3011A931A7D7E630055712D /* Main.storyboard */; };
		B3011A971A7D7E630055712D /* Images.xcassets in Resources */ = {isa = PBXBuildFile; fileRef = B3011A961A7D7E630055712D /* Images.xcassets */; };
		B3011A9A1A7D7E630055712D /* LaunchScreen.xib in Resources */ = {isa = PBXBuildFile; fileRef = B3011A981A7D7E630055712D /* LaunchScreen.xib */; };
		B3011AA61A7D7E630055712D /* selfieTests.m in Sources */ = {isa = PBXBuildFile; fileRef = B3011AA51A7D7E630055712D /* selfieTests.m */; };
		B3312D171AADCA0900952650 /* CredentialStore.m in Sources */ = {isa = PBXBuildFile; fileRef = B3312D161AADCA0900952650 /* CredentialStore.m */; };
		B3441A921AADCC7400E44B65 /* AuthAPIClient.m in Sources */ = {isa = PBXBuildFile; fileRef = B3441A911AADCC7400E44B65 /* AuthAPIClient.m */; };
/* End PBXBuildFile section */

/* Begin PBXContainerItemProxy section */
		B3011AA01A7D7E630055712D /* PBXContainerItemProxy */ = {
			isa = PBXContainerItemProxy;
			containerPortal = B3011A7E1A7D7E630055712D /* Project object */;
			proxyType = 1;
			remoteGlobalIDString = B3011A851A7D7E630055712D;
			remoteInfo = selfie;
		};
/* End PBXContainerItemProxy section */

/* Begin PBXFileReference section */
		1AC06465C0C85C507D99CC85 /* Pods.debug.xcconfig */ = {isa = PBXFileReference; includeInIndex = 1; lastKnownFileType = text.xcconfig; name = Pods.debug.xcconfig; path = "Pods/Target Support Files/Pods/Pods.debug.xcconfig"; sourceTree = "<group>"; };
		33C1E3953947EBE69AD31F27 /* Pods.release.xcconfig */ = {isa = PBXFileReference; includeInIndex = 1; lastKnownFileType = text.xcconfig; name = Pods.release.xcconfig; path = "Pods/Target Support Files/Pods/Pods.release.xcconfig"; sourceTree = "<group>"; };
		B3011A861A7D7E630055712D /* selfie.app */ = {isa = PBXFileReference; explicitFileType = wrapper.application; includeInIndex = 0; path = selfie.app; sourceTree = BUILT_PRODUCTS_DIR; };
		B3011A8A1A7D7E630055712D /* Info.plist */ = {isa = PBXFileReference; lastKnownFileType = text.plist.xml; path = Info.plist; sourceTree = "<group>"; };
		B3011A8B1A7D7E630055712D /* main.m */ = {isa = PBXFileReference; lastKnownFileType = sourcecode.c.objc; path = main.m; sourceTree = "<group>"; };
		B3011A8D1A7D7E630055712D /* AppDelegate.h */ = {isa = PBXFileReference; lastKnownFileType = sourcecode.c.h; path = AppDelegate.h; sourceTree = "<group>"; };
		B3011A8E1A7D7E630055712D /* AppDelegate.m */ = {isa = PBXFileReference; lastKnownFileType = sourcecode.c.objc; path = AppDelegate.m; sourceTree = "<group>"; };
		B3011A901A7D7E630055712D /* ViewController.h */ = {isa = PBXFileReference; lastKnownFileType = sourcecode.c.h; path = ViewController.h; sourceTree = "<group>"; };
		B3011A911A7D7E630055712D /* ViewController.m */ = {isa = PBXFileReference; lastKnownFileType = sourcecode.c.objc; path = ViewController.m; sourceTree = "<group>"; };
		B3011A941A7D7E630055712D /* Base */ = {isa = PBXFileReference; lastKnownFileType = file.storyboard; name = Base; path = Base.lproj/Main.storyboard; sourceTree = "<group>"; };
		B3011A961A7D7E630055712D /* Images.xcassets */ = {isa = PBXFileReference; lastKnownFileType = folder.assetcatalog; path = Images.xcassets; sourceTree = "<group>"; };
		B3011A991A7D7E630055712D /* Base */ = {isa = PBXFileReference; lastKnownFileType = file.xib; name = Base; path = Base.lproj/LaunchScreen.xib; sourceTree = "<group>"; };
		B3011A9F1A7D7E630055712D /* selfieTests.xctest */ = {isa = PBXFileReference; explicitFileType = wrapper.cfbundle; includeInIndex = 0; path = selfieTests.xctest; sourceTree = BUILT_PRODUCTS_DIR; };
		B3011AA41A7D7E630055712D /* Info.plist */ = {isa = PBXFileReference; lastKnownFileType = text.plist.xml; path = Info.plist; sourceTree = "<group>"; };
		B3011AA51A7D7E630055712D /* selfieTests.m */ = {isa = PBXFileReference; lastKnownFileType = sourcecode.c.objc; path = selfieTests.m; sourceTree = "<group>"; };
		B3312D151AADCA0900952650 /* CredentialStore.h */ = {isa = PBXFileReference; fileEncoding = 4; lastKnownFileType = sourcecode.c.h; path = CredentialStore.h; sourceTree = "<group>"; };
		B3312D161AADCA0900952650 /* CredentialStore.m */ = {isa = PBXFileReference; fileEncoding = 4; lastKnownFileType = sourcecode.c.objc; path = CredentialStore.m; sourceTree = "<group>"; };
		B3441A901AADCC7400E44B65 /* AuthAPIClient.h */ = {isa = PBXFileReference; fileEncoding = 4; lastKnownFileType = sourcecode.c.h; path = AuthAPIClient.h; sourceTree = "<group>"; };
		B3441A911AADCC7400E44B65 /* AuthAPIClient.m */ = {isa = PBXFileReference; fileEncoding = 4; lastKnownFileType = sourcecode.c.objc; path = AuthAPIClient.m; sourceTree = "<group>"; };
		DB2D49899B2CFB5430ADDC56 /* libPods.a */ = {isa = PBXFileReference; explicitFileType = archive.ar; includeInIndex = 0; path = libPods.a; sourceTree = BUILT_PRODUCTS_DIR; };
/* End PBXFileReference section */

/* Begin PBXFrameworksBuildPhase section */
		B3011A831A7D7E630055712D /* Frameworks */ = {
			isa = PBXFrameworksBuildPhase;
			buildActionMask = 2147483647;
			files = (
				5EB710C44AC9E0E8DB806097 /* libPods.a in Frameworks */,
			);
			runOnlyForDeploymentPostprocessing = 0;
		};
		B3011A9C1A7D7E630055712D /* Frameworks */ = {
			isa = PBXFrameworksBuildPhase;
			buildActionMask = 2147483647;
			files = (
			);
			runOnlyForDeploymentPostprocessing = 0;
		};
/* End PBXFrameworksBuildPhase section */

/* Begin PBXGroup section */
		67060487D3E067D487D31F81 /* Pods */ = {
			isa = PBXGroup;
			children = (
				1AC06465C0C85C507D99CC85 /* Pods.debug.xcconfig */,
				33C1E3953947EBE69AD31F27 /* Pods.release.xcconfig */,
			);
			name = Pods;
			sourceTree = "<group>";
		};
		6CD64BB701D28370FEB155CC /* Frameworks */ = {
			isa = PBXGroup;
			children = (
				DB2D49899B2CFB5430ADDC56 /* libPods.a */,
			);
			name = Frameworks;
			sourceTree = "<group>";
		};
		B3011A7D1A7D7E630055712D = {
			isa = PBXGroup;
			children = (
				B3441A901AADCC7400E44B65 /* AuthAPIClient.h */,
				B3441A911AADCC7400E44B65 /* AuthAPIClient.m */,
				B3312D151AADCA0900952650 /* CredentialStore.h */,
				B3312D161AADCA0900952650 /* CredentialStore.m */,
				B3011A881A7D7E630055712D /* selfie */,
				B3011AA21A7D7E630055712D /* selfieTests */,
				B3011A871A7D7E630055712D /* Products */,
				67060487D3E067D487D31F81 /* Pods */,
				6CD64BB701D28370FEB155CC /* Frameworks */,
			);
			sourceTree = "<group>";
		};
		B3011A871A7D7E630055712D /* Products */ = {
			isa = PBXGroup;
			children = (
				B3011A861A7D7E630055712D /* selfie.app */,
				B3011A9F1A7D7E630055712D /* selfieTests.xctest */,
			);
			name = Products;
			sourceTree = "<group>";
		};
		B3011A881A7D7E630055712D /* selfie */ = {
			isa = PBXGroup;
			children = (
				B3011A8D1A7D7E630055712D /* AppDelegate.h */,
				B3011A8E1A7D7E630055712D /* AppDelegate.m */,
				B3011A901A7D7E630055712D /* ViewController.h */,
				B3011A911A7D7E630055712D /* ViewController.m */,
				B3011A931A7D7E630055712D /* Main.storyboard */,
				B3011A961A7D7E630055712D /* Images.xcassets */,
				B3011A981A7D7E630055712D /* LaunchScreen.xib */,
				B3011A891A7D7E630055712D /* Supporting Files */,
			);
			path = selfie;
			sourceTree = "<group>";
		};
		B3011A891A7D7E630055712D /* Supporting Files */ = {
			isa = PBXGroup;
			children = (
				B3011A8A1A7D7E630055712D /* Info.plist */,
				B3011A8B1A7D7E630055712D /* main.m */,
			);
			name = "Supporting Files";
			sourceTree = "<group>";
		};
		B3011AA21A7D7E630055712D /* selfieTests */ = {
			isa = PBXGroup;
			children = (
				B3011AA51A7D7E630055712D /* selfieTests.m */,
				B3011AA31A7D7E630055712D /* Supporting Files */,
			);
			path = selfieTests;
			sourceTree = "<group>";
		};
		B3011AA31A7D7E630055712D /* Supporting Files */ = {
			isa = PBXGroup;
			children = (
				B3011AA41A7D7E630055712D /* Info.plist */,
			);
			name = "Supporting Files";
			sourceTree = "<group>";
		};
/* End PBXGroup section */

/* Begin PBXNativeTarget section */
		B3011A851A7D7E630055712D /* selfie */ = {
			isa = PBXNativeTarget;
			buildConfigurationList = B3011AA91A7D7E630055712D /* Build configuration list for PBXNativeTarget "selfie" */;
			buildPhases = (
				10A1ED1D61F600F59301C66C /* Check Pods Manifest.lock */,
				B3011A821A7D7E630055712D /* Sources */,
				B3011A831A7D7E630055712D /* Frameworks */,
				B3011A841A7D7E630055712D /* Resources */,
				202248DB8DB4124F2ED3FDD2 /* Copy Pods Resources */,
			);
			buildRules = (
			);
			dependencies = (
			);
			name = selfie;
			productName = selfie;
			productReference = B3011A861A7D7E630055712D /* selfie.app */;
			productType = "com.apple.product-type.application";
		};
		B3011A9E1A7D7E630055712D /* selfieTests */ = {
			isa = PBXNativeTarget;
			buildConfigurationList = B3011AAC1A7D7E630055712D /* Build configuration list for PBXNativeTarget "selfieTests" */;
			buildPhases = (
				B3011A9B1A7D7E630055712D /* Sources */,
				B3011A9C1A7D7E630055712D /* Frameworks */,
				B3011A9D1A7D7E630055712D /* Resources */,
			);
			buildRules = (
			);
			dependencies = (
				B3011AA11A7D7E630055712D /* PBXTargetDependency */,
			);
			name = selfieTests;
			productName = selfieTests;
			productReference = B3011A9F1A7D7E630055712D /* selfieTests.xctest */;
			productType = "com.apple.product-type.bundle.unit-test";
		};
/* End PBXNativeTarget section */

/* Begin PBXProject section */
		B3011A7E1A7D7E630055712D /* Project object */ = {
			isa = PBXProject;
			attributes = {
				LastUpgradeCheck = 0610;
				ORGANIZATIONNAME = Leo;
				TargetAttributes = {
					B3011A851A7D7E630055712D = {
						CreatedOnToolsVersion = 6.1.1;
					};
					B3011A9E1A7D7E630055712D = {
						CreatedOnToolsVersion = 6.1.1;
						TestTargetID = B3011A851A7D7E630055712D;
					};
				};
			};
			buildConfigurationList = B3011A811A7D7E630055712D /* Build configuration list for PBXProject "selfie" */;
			compatibilityVersion = "Xcode 3.2";
			developmentRegion = English;
			hasScannedForEncodings = 0;
			knownRegions = (
				en,
				Base,
			);
			mainGroup = B3011A7D1A7D7E630055712D;
			productRefGroup = B3011A871A7D7E630055712D /* Products */;
			projectDirPath = "";
			projectRoot = "";
			targets = (
				B3011A851A7D7E630055712D /* selfie */,
				B3011A9E1A7D7E630055712D /* selfieTests */,
			);
		};
/* End PBXProject section */

/* Begin PBXResourcesBuildPhase section */
		B3011A841A7D7E630055712D /* Resources */ = {
			isa = PBXResourcesBuildPhase;
			buildActionMask = 2147483647;
			files = (
				B3011A951A7D7E630055712D /* Main.storyboard in Resources */,
				B3011A9A1A7D7E630055712D /* LaunchScreen.xib in Resources */,
				B3011A971A7D7E630055712D /* Images.xcassets in Resources */,
			);
			runOnlyForDeploymentPostprocessing = 0;
		};
		B3011A9D1A7D7E630055712D /* Resources */ = {
			isa = PBXResourcesBuildPhase;
			buildActionMask = 2147483647;
			files = (
			);
			runOnlyForDeploymentPostprocessing = 0;
		};
/* End PBXResourcesBuildPhase section */

/* Begin PBXShellScriptBuildPhase section */
		10A1ED1D61F600F59301C66C /* Check Pods Manifest.lock */ = {
			isa = PBXShellScriptBuildPhase;
			buildActionMask = 2147483647;
			files = (
			);
			inputPaths = (
			);
			name = "Check Pods Manifest.lock";
			outputPaths = (
			);
			runOnlyForDeploymentPostprocessing = 0;
			shellPath = /bin/sh;
			shellScript = "diff \"${PODS_ROOT}/../Podfile.lock\" \"${PODS_ROOT}/Manifest.lock\" > /dev/null\nif [[ $? != 0 ]] ; then\n    cat << EOM\nerror: The sandbox is not in sync with the Podfile.lock. Run 'pod install' or update your CocoaPods installation.\nEOM\n    exit 1\nfi\n";
			showEnvVarsInLog = 0;
		};
		202248DB8DB4124F2ED3FDD2 /* Copy Pods Resources */ = {
			isa = PBXShellScriptBuildPhase;
			buildActionMask = 2147483647;
			files = (
			);
			inputPaths = (
			);
			name = "Copy Pods Resources";
			outputPaths = (
			);
			runOnlyForDeploymentPostprocessing = 0;
			shellPath = /bin/sh;
			shellScript = "\"${SRCROOT}/Pods/Target Support Files/Pods/Pods-resources.sh\"\n";
			showEnvVarsInLog = 0;
		};
/* End PBXShellScriptBuildPhase section */

/* Begin PBXSourcesBuildPhase section */
		B3011A821A7D7E630055712D /* Sources */ = {
			isa = PBXSourcesBuildPhase;
			buildActionMask = 2147483647;
			files = (
				B3441A921AADCC7400E44B65 /* AuthAPIClient.m in Sources */,
				B3312D171AADCA0900952650 /* CredentialStore.m in Sources */,
				B3011A921A7D7E630055712D /* ViewController.m in Sources */,
				B3011A8F1A7D7E630055712D /* AppDelegate.m in Sources */,
				B3011A8C1A7D7E630055712D /* main.m in Sources */,
			);
			runOnlyForDeploymentPostprocessing = 0;
		};
		B3011A9B1A7D7E630055712D /* Sources */ = {
			isa = PBXSourcesBuildPhase;
			buildActionMask = 2147483647;
			files = (
				B3011AA61A7D7E630055712D /* selfieTests.m in Sources */,
			);
			runOnlyForDeploymentPostprocessing = 0;
		};
/* End PBXSourcesBuildPhase section */

/* Begin PBXTargetDependency section */
		B3011AA11A7D7E630055712D /* PBXTargetDependency */ = {
			isa = PBXTargetDependency;
			target = B3011A851A7D7E630055712D /* selfie */;
			targetProxy = B3011AA01A7D7E630055712D /* PBXContainerItemProxy */;
		};
/* End PBXTargetDependency section */

/* Begin PBXVariantGroup section */
		B3011A931A7D7E630055712D /* Main.storyboard */ = {
			isa = PBXVariantGroup;
			children = (
				B3011A941A7D7E630055712D /* Base */,
			);
			name = Main.storyboard;
			sourceTree = "<group>";
		};
		B3011A981A7D7E630055712D /* LaunchScreen.xib */ = {
			isa = PBXVariantGroup;
			children = (
				B3011A991A7D7E630055712D /* Base */,
			);
			name = LaunchScreen.xib;
			sourceTree = "<group>";
		};
/* End PBXVariantGroup section */

/* Begin XCBuildConfiguration section */
		B3011AA71A7D7E630055712D /* Debug */ = {
			isa = XCBuildConfiguration;
			buildSettings = {
				ALWAYS_SEARCH_USER_PATHS = NO;
				CLANG_CXX_LANGUAGE_STANDARD = "gnu++0x";
				CLANG_CXX_LIBRARY = "libc++";
				CLANG_ENABLE_MODULES = YES;
				CLANG_ENABLE_OBJC_ARC = YES;
				CLANG_WARN_BOOL_CONVERSION = YES;
				CLANG_WARN_CONSTANT_CONVERSION = YES;
				CLANG_WARN_DIRECT_OBJC_ISA_USAGE = YES_ERROR;
				CLANG_WARN_EMPTY_BODY = YES;
				CLANG_WARN_ENUM_CONVERSION = YES;
				CLANG_WARN_INT_CONVERSION = YES;
				CLANG_WARN_OBJC_ROOT_CLASS = YES_ERROR;
				CLANG_WARN_UNREACHABLE_CODE = YES;
				CLANG_WARN__DUPLICATE_METHOD_MATCH = YES;
				"CODE_SIGN_IDENTITY[sdk=iphoneos*]" = "iPhone Developer";
				COPY_PHASE_STRIP = NO;
				ENABLE_STRICT_OBJC_MSGSEND = YES;
				GCC_C_LANGUAGE_STANDARD = gnu99;
				GCC_DYNAMIC_NO_PIC = NO;
				GCC_OPTIMIZATION_LEVEL = 0;
				GCC_PREPROCESSOR_DEFINITIONS = (
					"DEBUG=1",
					"$(inherited)",
				);
				GCC_SYMBOLS_PRIVATE_EXTERN = NO;
				GCC_WARN_64_TO_32_BIT_CONVERSION = YES;
				GCC_WARN_ABOUT_RETURN_TYPE = YES_ERROR;
				GCC_WARN_UNDECLARED_SELECTOR = YES;
				GCC_WARN_UNINITIALIZED_AUTOS = YES_AGGRESSIVE;
				GCC_WARN_UNUSED_FUNCTION = YES;
				GCC_WARN_UNUSED_VARIABLE = YES;
				IPHONEOS_DEPLOYMENT_TARGET = 8.1;
				MTL_ENABLE_DEBUG_INFO = YES;
				ONLY_ACTIVE_ARCH = YES;
				SDKROOT = iphoneos;
				TARGETED_DEVICE_FAMILY = "1,2";
			};
			name = Debug;
		};
		B3011AA81A7D7E630055712D /* Release */ = {
			isa = XCBuildConfiguration;
			buildSettings = {
				ALWAYS_SEARCH_USER_PATHS = NO;
				CLANG_CXX_LANGUAGE_STANDARD = "gnu++0x";
				CLANG_CXX_LIBRARY = "libc++";
				CLANG_ENABLE_MODULES = YES;
				CLANG_ENABLE_OBJC_ARC = YES;
				CLANG_WARN_BOOL_CONVERSION = YES;
				CLANG_WARN_CONSTANT_CONVERSION = YES;
				CLANG_WARN_DIRECT_OBJC_ISA_USAGE = YES_ERROR;
				CLANG_WARN_EMPTY_BODY = YES;
				CLANG_WARN_ENUM_CONVERSION = YES;
				CLANG_WARN_INT_CONVERSION = YES;
				CLANG_WARN_OBJC_ROOT_CLASS = YES_ERROR;
				CLANG_WARN_UNREACHABLE_CODE = YES;
				CLANG_WARN__DUPLICATE_METHOD_MATCH = YES;
				"CODE_SIGN_IDENTITY[sdk=iphoneos*]" = "iPhone Developer";
				COPY_PHASE_STRIP = YES;
				ENABLE_NS_ASSERTIONS = NO;
				ENABLE_STRICT_OBJC_MSGSEND = YES;
				GCC_C_LANGUAGE_STANDARD = gnu99;
				GCC_WARN_64_TO_32_BIT_CONVERSION = YES;
				GCC_WARN_ABOUT_RETURN_TYPE = YES_ERROR;
				GCC_WARN_UNDECLARED_SELECTOR = YES;
				GCC_WARN_UNINITIALIZED_AUTOS = YES_AGGRESSIVE;
				GCC_WARN_UNUSED_FUNCTION = YES;
				GCC_WARN_UNUSED_VARIABLE = YES;
				IPHONEOS_DEPLOYMENT_TARGET = 8.1;
				MTL_ENABLE_DEBUG_INFO = NO;
				SDKROOT = iphoneos;
				TARGETED_DEVICE_FAMILY = "1,2";
				VALIDATE_PRODUCT = YES;
			};
			name = Release;
		};
		B3011AAA1A7D7E630055712D /* Debug */ = {
			isa = XCBuildConfiguration;
			baseConfigurationReference = 1AC06465C0C85C507D99CC85 /* Pods.debug.xcconfig */;
			buildSettings = {
				ASSETCATALOG_COMPILER_APPICON_NAME = AppIcon;
				INFOPLIST_FILE = selfie/Info.plist;
				LD_RUNPATH_SEARCH_PATHS = "$(inherited) @executable_path/Frameworks";
				PRODUCT_NAME = "$(TARGET_NAME)";
			};
			name = Debug;
		};
		B3011AAB1A7D7E630055712D /* Release */ = {
			isa = XCBuildConfiguration;
			baseConfigurationReference = 33C1E3953947EBE69AD31F27 /* Pods.release.xcconfig */;
			buildSettings = {
				ASSETCATALOG_COMPILER_APPICON_NAME = AppIcon;
				INFOPLIST_FILE = selfie/Info.plist;
				LD_RUNPATH_SEARCH_PATHS = "$(inherited) @executable_path/Frameworks";
				PRODUCT_NAME = "$(TARGET_NAME)";
			};
			name = Release;
		};
		B3011AAD1A7D7E630055712D /* Debug */ = {
			isa = XCBuildConfiguration;
			buildSettings = {
				BUNDLE_LOADER = "$(TEST_HOST)";
				FRAMEWORK_SEARCH_PATHS = (
					"$(SDKROOT)/Developer/Library/Frameworks",
					"$(inherited)",
				);
				GCC_PREPROCESSOR_DEFINITIONS = (
					"DEBUG=1",
					"$(inherited)",
				);
				INFOPLIST_FILE = selfieTests/Info.plist;
				LD_RUNPATH_SEARCH_PATHS = "$(inherited) @executable_path/Frameworks @loader_path/Frameworks";
				PRODUCT_NAME = "$(TARGET_NAME)";
				TEST_HOST = "$(BUILT_PRODUCTS_DIR)/selfie.app/selfie";
			};
			name = Debug;
		};
		B3011AAE1A7D7E630055712D /* Release */ = {
			isa = XCBuildConfiguration;
			buildSettings = {
				BUNDLE_LOADER = "$(TEST_HOST)";
				FRAMEWORK_SEARCH_PATHS = (
					"$(SDKROOT)/Developer/Library/Frameworks",
					"$(inherited)",
				);
				INFOPLIST_FILE = selfieTests/Info.plist;
				LD_RUNPATH_SEARCH_PATHS = "$(inherited) @executable_path/Frameworks @loader_path/Frameworks";
				PRODUCT_NAME = "$(TARGET_NAME)";
				TEST_HOST = "$(BUILT_PRODUCTS_DIR)/selfie.app/selfie";
			};
			name = Release;
		};
/* End XCBuildConfiguration section */

/* Begin XCConfigurationList section */
		B3011A811A7D7E630055712D /* Build configuration list for PBXProject "selfie" */ = {
			isa = XCConfigurationList;
			buildConfigurations = (
				B3011AA71A7D7E630055712D /* Debug */,
				B3011AA81A7D7E630055712D /* Release */,
			);
			defaultConfigurationIsVisible = 0;
			defaultConfigurationName = Release;
		};
		B3011AA91A7D7E630055712D /* Build configuration list for PBXNativeTarget "selfie" */ = {
			isa = XCConfigurationList;
			buildConfigurations = (
				B3011AAA1A7D7E630055712D /* Debug */,
				B3011AAB1A7D7E630055712D /* Release */,
			);
			defaultConfigurationIsVisible = 0;
			defaultConfigurationName = Release;
		};
		B3011AAC1A7D7E630055712D /* Build configuration list for PBXNativeTarget "selfieTests" */ = {
			isa = XCConfigurationList;
			buildConfigurations = (
				B3011AAD1A7D7E630055712D /* Debug */,
				B3011AAE1A7D7E630055712D /* Release */,
			);
			defaultConfigurationIsVisible = 0;
			defaultConfigurationName = Release;
		};
/* End XCConfigurationList section */
	};
	rootObject = B3011A7E1A7D7E630055712D /* Project object */;
}
